// !$*UTF8*$!
{
	archiveVersion = 1;
	classes = {
	};
	objectVersion = 46;
	objects = {

/* Begin PBXBuildFile section */
		8CF333391EDF2A7F0061CC06 /* AppDelegate.swift in Sources */ = {isa = PBXBuildFile; fileRef = 8CF333381EDF2A7F0061CC06 /* AppDelegate.swift */; };
		8CF3333B1EDF2A7F0061CC06 /* ViewController.swift in Sources */ = {isa = PBXBuildFile; fileRef = 8CF3333A1EDF2A7F0061CC06 /* ViewController.swift */; };
		8CF3333E1EDF2A7F0061CC06 /* Main.storyboard in Resources */ = {isa = PBXBuildFile; fileRef = 8CF3333C1EDF2A7F0061CC06 /* Main.storyboard */; };
		8CF333401EDF2A7F0061CC06 /* Assets.xcassets in Resources */ = {isa = PBXBuildFile; fileRef = 8CF3333F1EDF2A7F0061CC06 /* Assets.xcassets */; };
		8CF333431EDF2A7F0061CC06 /* LaunchScreen.storyboard in Resources */ = {isa = PBXBuildFile; fileRef = 8CF333411EDF2A7F0061CC06 /* LaunchScreen.storyboard */; };
		8CF3334E1EDF30BD0061CC06 /* apple-icon-180x180.png in Resources */ = {isa = PBXBuildFile; fileRef = 8CF3334D1EDF30BD0061CC06 /* apple-icon-180x180.png */; };
		8CF333501EE085D50061CC06 /* BarList.plist in Resources */ = {isa = PBXBuildFile; fileRef = 8CF3334F1EE085D50061CC06 /* BarList.plist */; };
		BDB42C2689CC4A9034449CAD /* Pods_GoogleMapsProject.framework in Frameworks */ = {isa = PBXBuildFile; fileRef = 4240C9CE548BC5DA1036CEF9 /* Pods_GoogleMapsProject.framework */; };
/* End PBXBuildFile section */

/* Begin PBXFileReference section */
		29877658DCDADFB369DF7746 /* Pods-GoogleMapsProject.release.xcconfig */ = {isa = PBXFileReference; includeInIndex = 1; lastKnownFileType = text.xcconfig; name = "Pods-GoogleMapsProject.release.xcconfig"; path = "Pods/Target Support Files/Pods-GoogleMapsProject/Pods-GoogleMapsProject.release.xcconfig"; sourceTree = "<group>"; };
		410964333F92389C4BDD33D8 /* Pods-GoogleMapsProject.debug.xcconfig */ = {isa = PBXFileReference; includeInIndex = 1; lastKnownFileType = text.xcconfig; name = "Pods-GoogleMapsProject.debug.xcconfig"; path = "Pods/Target Support Files/Pods-GoogleMapsProject/Pods-GoogleMapsProject.debug.xcconfig"; sourceTree = "<group>"; };
		4240C9CE548BC5DA1036CEF9 /* Pods_GoogleMapsProject.framework */ = {isa = PBXFileReference; explicitFileType = wrapper.framework; includeInIndex = 0; path = Pods_GoogleMapsProject.framework; sourceTree = BUILT_PRODUCTS_DIR; };
		8CF333351EDF2A7F0061CC06 /* GoogleMapsProject.app */ = {isa = PBXFileReference; explicitFileType = wrapper.application; includeInIndex = 0; path = GoogleMapsProject.app; sourceTree = BUILT_PRODUCTS_DIR; };
		8CF333381EDF2A7F0061CC06 /* AppDelegate.swift */ = {isa = PBXFileReference; lastKnownFileType = sourcecode.swift; path = AppDelegate.swift; sourceTree = "<group>"; };
		8CF3333A1EDF2A7F0061CC06 /* ViewController.swift */ = {isa = PBXFileReference; lastKnownFileType = sourcecode.swift; path = ViewController.swift; sourceTree = "<group>"; };
		8CF3333D1EDF2A7F0061CC06 /* Base */ = {isa = PBXFileReference; lastKnownFileType = file.storyboard; name = Base; path = Base.lproj/Main.storyboard; sourceTree = "<group>"; };
		8CF3333F1EDF2A7F0061CC06 /* Assets.xcassets */ = {isa = PBXFileReference; lastKnownFileType = folder.assetcatalog; path = Assets.xcassets; sourceTree = "<group>"; };
		8CF333421EDF2A7F0061CC06 /* Base */ = {isa = PBXFileReference; lastKnownFileType = file.storyboard; name = Base; path = Base.lproj/LaunchScreen.storyboard; sourceTree = "<group>"; };
		8CF333441EDF2A7F0061CC06 /* Info.plist */ = {isa = PBXFileReference; lastKnownFileType = text.plist.xml; path = Info.plist; sourceTree = "<group>"; };
		8CF3334D1EDF30BD0061CC06 /* apple-icon-180x180.png */ = {isa = PBXFileReference; lastKnownFileType = image.png; path = "apple-icon-180x180.png"; sourceTree = "<group>"; };
		8CF3334F1EE085D50061CC06 /* BarList.plist */ = {isa = PBXFileReference; fileEncoding = 4; lastKnownFileType = text.plist.xml; path = BarList.plist; sourceTree = "<group>"; };
/* End PBXFileReference section */

/* Begin PBXFrameworksBuildPhase section */
		8CF333321EDF2A7F0061CC06 /* Frameworks */ = {
			isa = PBXFrameworksBuildPhase;
			buildActionMask = 2147483647;
			files = (
				BDB42C2689CC4A9034449CAD /* Pods_GoogleMapsProject.framework in Frameworks */,
			);
			runOnlyForDeploymentPostprocessing = 0;
		};
/* End PBXFrameworksBuildPhase section */

/* Begin PBXGroup section */
		859C3996E5D3A471FE2C5424 /* Pods */ = {
			isa = PBXGroup;
			children = (
				410964333F92389C4BDD33D8 /* Pods-GoogleMapsProject.debug.xcconfig */,
				29877658DCDADFB369DF7746 /* Pods-GoogleMapsProject.release.xcconfig */,
			);
			name = Pods;
			sourceTree = "<group>";
		};
		8CF3332C1EDF2A7F0061CC06 = {
			isa = PBXGroup;
			children = (
				8CF333371EDF2A7F0061CC06 /* GoogleMapsProject */,
				8CF333361EDF2A7F0061CC06 /* Products */,
				E05220499A42FAB481FC8E44 /* Frameworks */,
				859C3996E5D3A471FE2C5424 /* Pods */,
				8CF3334C1EDF301D0061CC06 /* Pictures */,
			);
			sourceTree = "<group>";
		};
		8CF333361EDF2A7F0061CC06 /* Products */ = {
			isa = PBXGroup;
			children = (
				8CF333351EDF2A7F0061CC06 /* GoogleMapsProject.app */,
			);
			name = Products;
			sourceTree = "<group>";
		};
		8CF333371EDF2A7F0061CC06 /* GoogleMapsProject */ = {
			isa = PBXGroup;
			children = (
				8CF333381EDF2A7F0061CC06 /* AppDelegate.swift */,
				8CF3333A1EDF2A7F0061CC06 /* ViewController.swift */,
				8CF3333C1EDF2A7F0061CC06 /* Main.storyboard */,
				8CF3333F1EDF2A7F0061CC06 /* Assets.xcassets */,
				8CF333411EDF2A7F0061CC06 /* LaunchScreen.storyboard */,
				8CF333441EDF2A7F0061CC06 /* Info.plist */,
				8CF3334F1EE085D50061CC06 /* BarList.plist */,
			);
			path = GoogleMapsProject;
			sourceTree = "<group>";
		};
		8CF3334C1EDF301D0061CC06 /* Pictures */ = {
			isa = PBXGroup;
			children = (
				8CF3334D1EDF30BD0061CC06 /* apple-icon-180x180.png */,
			);
			name = Pictures;
			sourceTree = "<group>";
		};
		E05220499A42FAB481FC8E44 /* Frameworks */ = {
			isa = PBXGroup;
			children = (
				4240C9CE548BC5DA1036CEF9 /* Pods_GoogleMapsProject.framework */,
			);
			name = Frameworks;
			sourceTree = "<group>";
		};
/* End PBXGroup section */

/* Begin PBXNativeTarget section */
		8CF333341EDF2A7F0061CC06 /* GoogleMapsProject */ = {
			isa = PBXNativeTarget;
			buildConfigurationList = 8CF333471EDF2A7F0061CC06 /* Build configuration list for PBXNativeTarget "GoogleMapsProject" */;
			buildPhases = (
				A82516C58501EB2C88C4039C /* [CP] Check Pods Manifest.lock */,
				8CF333311EDF2A7F0061CC06 /* Sources */,
				8CF333321EDF2A7F0061CC06 /* Frameworks */,
				8CF333331EDF2A7F0061CC06 /* Resources */,
				CE55734B271092EFD4B50B80 /* [CP] Embed Pods Frameworks */,
				D8295CCE0DFEB578CA1DD540 /* [CP] Copy Pods Resources */,
			);
			buildRules = (
			);
			dependencies = (
			);
			name = GoogleMapsProject;
			productName = GoogleMapsProject;
			productReference = 8CF333351EDF2A7F0061CC06 /* GoogleMapsProject.app */;
			productType = "com.apple.product-type.application";
		};
/* End PBXNativeTarget section */

/* Begin PBXProject section */
		8CF3332D1EDF2A7F0061CC06 /* Project object */ = {
			isa = PBXProject;
			attributes = {
				LastSwiftUpdateCheck = 0830;
				LastUpgradeCheck = 0830;
				ORGANIZATIONNAME = "Miguel Tepale";
				TargetAttributes = {
					8CF333341EDF2A7F0061CC06 = {
						CreatedOnToolsVersion = 8.3.2;
						DevelopmentTeam = 5C8D6R84CB;
						ProvisioningStyle = Automatic;
					};
				};
			};
			buildConfigurationList = 8CF333301EDF2A7F0061CC06 /* Build configuration list for PBXProject "GoogleMapsProject" */;
			compatibilityVersion = "Xcode 3.2";
			developmentRegion = English;
			hasScannedForEncodings = 0;
			knownRegions = (
				en,
				Base,
			);
			mainGroup = 8CF3332C1EDF2A7F0061CC06;
			productRefGroup = 8CF333361EDF2A7F0061CC06 /* Products */;
			projectDirPath = "";
			projectRoot = "";
			targets = (
				8CF333341EDF2A7F0061CC06 /* GoogleMapsProject */,
			);
		};
/* End PBXProject section */

/* Begin PBXResourcesBuildPhase section */
		8CF333331EDF2A7F0061CC06 /* Resources */ = {
			isa = PBXResourcesBuildPhase;
			buildActionMask = 2147483647;
			files = (
				8CF3334E1EDF30BD0061CC06 /* apple-icon-180x180.png in Resources */,
				8CF333431EDF2A7F0061CC06 /* LaunchScreen.storyboard in Resources */,
				8CF333401EDF2A7F0061CC06 /* Assets.xcassets in Resources */,
				8CF333501EE085D50061CC06 /* BarList.plist in Resources */,
				8CF3333E1EDF2A7F0061CC06 /* Main.storyboard in Resources */,
			);
			runOnlyForDeploymentPostprocessing = 0;
		};
/* End PBXResourcesBuildPhase section */

/* Begin PBXShellScriptBuildPhase section */
		A82516C58501EB2C88C4039C /* [CP] Check Pods Manifest.lock */ = {
			isa = PBXShellScriptBuildPhase;
			buildActionMask = 2147483647;
			files = (
			);
			inputPaths = (
			);
			name = "[CP] Check Pods Manifest.lock";
			outputPaths = (
			);
			runOnlyForDeploymentPostprocessing = 0;
			shellPath = /bin/sh;
			shellScript = "diff \"${PODS_PODFILE_DIR_PATH}/Podfile.lock\" \"${PODS_ROOT}/Manifest.lock\" > /dev/null\nif [ $? != 0 ] ; then\n    # print error to STDERR\n    echo \"error: The sandbox is not in sync with the Podfile.lock. Run 'pod install' or update your CocoaPods installation.\" >&2\n    exit 1\nfi\n";
			showEnvVarsInLog = 0;
		};
		CE55734B271092EFD4B50B80 /* [CP] Embed Pods Frameworks */ = {
			isa = PBXShellScriptBuildPhase;
			buildActionMask = 2147483647;
			files = (
			);
			inputPaths = (
			);
			name = "[CP] Embed Pods Frameworks";
			outputPaths = (
			);
			runOnlyForDeploymentPostprocessing = 0;
			shellPath = /bin/sh;
			shellScript = "\"${SRCROOT}/Pods/Target Support Files/Pods-GoogleMapsProject/Pods-GoogleMapsProject-frameworks.sh\"\n";
			showEnvVarsInLog = 0;
		};
		D8295CCE0DFEB578CA1DD540 /* [CP] Copy Pods Resources */ = {
			isa = PBXShellScriptBuildPhase;
			buildActionMask = 2147483647;
			files = (
			);
			inputPaths = (
			);
			name = "[CP] Copy Pods Resources";
			outputPaths = (
			);
			runOnlyForDeploymentPostprocessing = 0;
			shellPath = /bin/sh;
			shellScript = "\"${SRCROOT}/Pods/Target Support Files/Pods-GoogleMapsProject/Pods-GoogleMapsProject-resources.sh\"\n";
			showEnvVarsInLog = 0;
		};
/* End PBXShellScriptBuildPhase section */

/* Begin PBXSourcesBuildPhase section */
		8CF333311EDF2A7F0061CC06 /* Sources */ = {
			isa = PBXSourcesBuildPhase;
			buildActionMask = 2147483647;
			files = (
				8CF3333B1EDF2A7F0061CC06 /* ViewController.swift in Sources */,
				8CF333391EDF2A7F0061CC06 /* AppDelegate.swift in Sources */,
			);
			runOnlyForDeploymentPostprocessing = 0;
		};
/* End PBXSourcesBuildPhase section */

/* Begin PBXVariantGroup section */
		8CF3333C1EDF2A7F0061CC06 /* Main.storyboard */ = {
			isa = PBXVariantGroup;
			children = (
				8CF3333D1EDF2A7F0061CC06 /* Base */,
			);
			name = Main.storyboard;
			sourceTree = "<group>";
		};
		8CF333411EDF2A7F0061CC06 /* LaunchScreen.storyboard */ = {
			isa = PBXVariantGroup;
			children = (
				8CF333421EDF2A7F0061CC06 /* Base */,
			);
			name = LaunchScreen.storyboard;
			sourceTree = "<group>";
		};
/* End PBXVariantGroup section */

/* Begin XCBuildConfiguration section */
		8CF333451EDF2A7F0061CC06 /* Debug */ = {
			isa = XCBuildConfiguration;
			buildSettings = {
				ALWAYS_SEARCH_USER_PATHS = NO;
				CLANG_ANALYZER_NONNULL = YES;
				CLANG_ANALYZER_NUMBER_OBJECT_CONVERSION = YES_AGGRESSIVE;
				CLANG_CXX_LANGUAGE_STANDARD = "gnu++0x";
				CLANG_CXX_LIBRARY = "libc++";
				CLANG_ENABLE_MODULES = YES;
				CLANG_ENABLE_OBJC_ARC = YES;
				CLANG_WARN_BOOL_CONVERSION = YES;
				CLANG_WARN_CONSTANT_CONVERSION = YES;
				CLANG_WARN_DIRECT_OBJC_ISA_USAGE = YES_ERROR;
				CLANG_WARN_DOCUMENTATION_COMMENTS = YES;
				CLANG_WARN_EMPTY_BODY = YES;
				CLANG_WARN_ENUM_CONVERSION = YES;
				CLANG_WARN_INFINITE_RECURSION = YES;
				CLANG_WARN_INT_CONVERSION = YES;
				CLANG_WARN_OBJC_ROOT_CLASS = YES_ERROR;
				CLANG_WARN_SUSPICIOUS_MOVE = YES;
				CLANG_WARN_UNREACHABLE_CODE = YES;
				CLANG_WARN__DUPLICATE_METHOD_MATCH = YES;
				"CODE_SIGN_IDENTITY[sdk=iphoneos*]" = "iPhone Developer";
				COPY_PHASE_STRIP = NO;
				DEBUG_INFORMATION_FORMAT = dwarf;
				ENABLE_STRICT_OBJC_MSGSEND = YES;
				ENABLE_TESTABILITY = YES;
				GCC_C_LANGUAGE_STANDARD = gnu99;
				GCC_DYNAMIC_NO_PIC = NO;
				GCC_NO_COMMON_BLOCKS = YES;
				GCC_OPTIMIZATION_LEVEL = 0;
				GCC_PREPROCESSOR_DEFINITIONS = (
					"DEBUG=1",
					"$(inherited)",
				);
				GCC_WARN_64_TO_32_BIT_CONVERSION = YES;
				GCC_WARN_ABOUT_RETURN_TYPE = YES_ERROR;
				GCC_WARN_UNDECLARED_SELECTOR = YES;
				GCC_WARN_UNINITIALIZED_AUTOS = YES_AGGRESSIVE;
				GCC_WARN_UNUSED_FUNCTION = YES;
				GCC_WARN_UNUSED_VARIABLE = YES;
				IPHONEOS_DEPLOYMENT_TARGET = 10.3;
				MTL_ENABLE_DEBUG_INFO = YES;
				ONLY_ACTIVE_ARCH = YES;
				SDKROOT = iphoneos;
				SWIFT_ACTIVE_COMPILATION_CONDITIONS = DEBUG;
				SWIFT_OPTIMIZATION_LEVEL = "-Onone";
			};
			name = Debug;
		};
		8CF333461EDF2A7F0061CC06 /* Release */ = {
			isa = XCBuildConfiguration;
			buildSettings = {
				ALWAYS_SEARCH_USER_PATHS = NO;
				CLANG_ANALYZER_NONNULL = YES;
				CLANG_ANALYZER_NUMBER_OBJECT_CONVERSION = YES_AGGRESSIVE;
				CLANG_CXX_LANGUAGE_STANDARD = "gnu++0x";
				CLANG_CXX_LIBRARY = "libc++";
				CLANG_ENABLE_MODULES = YES;
				CLANG_ENABLE_OBJC_ARC = YES;
				CLANG_WARN_BOOL_CONVERSION = YES;
				CLANG_WARN_CONSTANT_CONVERSION = YES;
				CLANG_WARN_DIRECT_OBJC_ISA_USAGE = YES_ERROR;
				CLANG_WARN_DOCUMENTATION_COMMENTS = YES;
				CLANG_WARN_EMPTY_BODY = YES;
				CLANG_WARN_ENUM_CONVERSION = YES;
				CLANG_WARN_INFINITE_RECURSION = YES;
				CLANG_WARN_INT_CONVERSION = YES;
				CLANG_WARN_OBJC_ROOT_CLASS = YES_ERROR;
				CLANG_WARN_SUSPICIOUS_MOVE = YES;
				CLANG_WARN_UNREACHABLE_CODE = YES;
				CLANG_WARN__DUPLICATE_METHOD_MATCH = YES;
				"CODE_SIGN_IDENTITY[sdk=iphoneos*]" = "iPhone Developer";
				COPY_PHASE_STRIP = NO;
				DEBUG_INFORMATION_FORMAT = "dwarf-with-dsym";
				ENABLE_NS_ASSERTIONS = NO;
				ENABLE_STRICT_OBJC_MSGSEND = YES;
				GCC_C_LANGUAGE_STANDARD = gnu99;
				GCC_NO_COMMON_BLOCKS = YES;
				GCC_WARN_64_TO_32_BIT_CONVERSION = YES;
				GCC_WARN_ABOUT_RETURN_TYPE = YES_ERROR;
				GCC_WARN_UNDECLARED_SELECTOR = YES;
				GCC_WARN_UNINITIALIZED_AUTOS = YES_AGGRESSIVE;
				GCC_WARN_UNUSED_FUNCTION = YES;
				GCC_WARN_UNUSED_VARIABLE = YES;
				IPHONEOS_DEPLOYMENT_TARGET = 10.3;
				MTL_ENABLE_DEBUG_INFO = NO;
				SDKROOT = iphoneos;
				SWIFT_OPTIMIZATION_LEVEL = "-Owholemodule";
				VALIDATE_PRODUCT = YES;
			};
			name = Release;
		};
		8CF333481EDF2A7F0061CC06 /* Debug */ = {
			isa = XCBuildConfiguration;
			baseConfigurationReference = 410964333F92389C4BDD33D8 /* Pods-GoogleMapsProject.debug.xcconfig */;
			buildSettings = {
				ASSETCATALOG_COMPILER_APPICON_NAME = AppIcon;
				DEVELOPMENT_TEAM = 5C8D6R84CB;
				INFOPLIST_FILE = GoogleMapsProject/Info.plist;
				LD_RUNPATH_SEARCH_PATHS = "$(inherited) @executable_path/Frameworks";
				PRODUCT_BUNDLE_IDENTIFIER = "Miguel-Tepale.GoogleMapsProject";
				PRODUCT_NAME = "$(TARGET_NAME)";
				SWIFT_VERSION = 3.0;
			};
			name = Debug;
		};
		8CF333491EDF2A7F0061CC06 /* Release */ = {
			isa = XCBuildConfiguration;
			baseConfigurationReference = 29877658DCDADFB369DF7746 /* Pods-GoogleMapsProject.release.xcconfig */;
			buildSettings = {
				ASSETCATALOG_COMPILER_APPICON_NAME = AppIcon;
				DEVELOPMENT_TEAM = 5C8D6R84CB;
				INFOPLIST_FILE = GoogleMapsProject/Info.plist;
				LD_RUNPATH_SEARCH_PATHS = "$(inherited) @executable_path/Frameworks";
				PRODUCT_BUNDLE_IDENTIFIER = "Miguel-Tepale.GoogleMapsProject";
				PRODUCT_NAME = "$(TARGET_NAME)";
				SWIFT_VERSION = 3.0;
			};
			name = Release;
		};
/* End XCBuildConfiguration section */

/* Begin XCConfigurationList section */
		8CF333301EDF2A7F0061CC06 /* Build configuration list for PBXProject "GoogleMapsProject" */ = {
			isa = XCConfigurationList;
			buildConfigurations = (
				8CF333451EDF2A7F0061CC06 /* Debug */,
				8CF333461EDF2A7F0061CC06 /* Release */,
			);
			defaultConfigurationIsVisible = 0;
			defaultConfigurationName = Release;
		};
		8CF333471EDF2A7F0061CC06 /* Build configuration list for PBXNativeTarget "GoogleMapsProject" */ = {
			isa = XCConfigurationList;
			buildConfigurations = (
				8CF333481EDF2A7F0061CC06 /* Debug */,
				8CF333491EDF2A7F0061CC06 /* Release */,
			);
			defaultConfigurationIsVisible = 0;
			defaultConfigurationName = Release;
		};
/* End XCConfigurationList section */
	};
	rootObject = 8CF3332D1EDF2A7F0061CC06 /* Project object */;
}
